
Microsoft Visual Studio Solution File, Format Version 12.00
# Visual Studio 2012
Project("{2150E333-8FDC-42A3-9474-1A3956D46DE8}") = "二次扩展代码", "二次扩展代码", "{A6278639-5C37-4953-BE0E-D59424BAEAF9}"
EndProject
Project("{FAE04EC0-301F-11D3-BF4B-00C04F79EFBC}") = "AYKJ.GISExtension", "AYKJ.GISExtension\AYKJ.GISExtension.csproj", "{1654941E-DD18-4332-8EFE-DB1E0863D5CC}"
EndProject
Project("{FAE04EC0-301F-11D3-BF4B-00C04F79EFBC}") = "AYKJ.GISInterface", "AYKJ.GISInterface\AYKJ.GISInterface.csproj", "{F15AF49F-CC29-4A97-A05E-27F9C63E33B5}"
EndProject
Project("{FAE04EC0-301F-11D3-BF4B-00C04F79EFBC}") = "AYKJ.GISStatistics", "AYKJ.GISStatistics\AYKJ.GISStatistics.csproj", "{9DEA9D4D-3742-4314-BFDC-4544BDB092E4}"
EndProject
Project("{FAE04EC0-301F-11D3-BF4B-00C04F79EFBC}") = "AYKJ.GISDevelop.Web", "AYKJ.GISDevelop.Web\AYKJ.GISDevelop.Web.csproj", "{44633F23-3478-4312-8750-E711FD54C2A8}"
EndProject
Project("{FAE04EC0-301F-11D3-BF4B-00C04F79EFBC}") = "AYKJ.GISDevelop", "AYKJ.GISDevelop\AYKJ.GISDevelop.csproj", "{76053B62-A665-4955-8051-4BCE962C6167}"
EndProject
Project("{FAE04EC0-301F-11D3-BF4B-00C04F79EFBC}") = "AYKJ.GISDevelop.Platform", "AYKJ.GISDevelop.Platform\AYKJ.GISDevelop.Platform.csproj", "{D1047036-F48D-41E6-9233-08FB12877A70}"
EndProject
Project("{FAE04EC0-301F-11D3-BF4B-00C04F79EFBC}") = "AYKJ.GISPlot", "AYKJ.GISPlot\AYKJ.GISPlot.csproj", "{30477EBE-BEB3-49C3-9037-83B9C5580134}"
EndProject
Project("{FAE04EC0-301F-11D3-BF4B-00C04F79EFBC}") = "AYKJ.GISKeysearch", "AYKJ.GISKeysearch\AYKJ.GISKeysearch.csproj", "{DEFDE467-EBA6-4807-A4FC-465933EDD9C7}"
EndProject
Global
	GlobalSection(SolutionConfigurationPlatforms) = preSolution
		Debug|Any CPU = Debug|Any CPU
		Release|Any CPU = Release|Any CPU
	EndGlobalSection
	GlobalSection(ProjectConfigurationPlatforms) = postSolution
		{1654941E-DD18-4332-8EFE-DB1E0863D5CC}.Debug|Any CPU.ActiveCfg = Debug|Any CPU
		{1654941E-DD18-4332-8EFE-DB1E0863D5CC}.Debug|Any CPU.Build.0 = Debug|Any CPU
		{1654941E-DD18-4332-8EFE-DB1E0863D5CC}.Release|Any CPU.ActiveCfg = Release|Any CPU
		{1654941E-DD18-4332-8EFE-DB1E0863D5CC}.Release|Any CPU.Build.0 = Release|Any CPU
		{F15AF49F-CC29-4A97-A05E-27F9C63E33B5}.Debug|Any CPU.ActiveCfg = Debug|Any CPU
		{F15AF49F-CC29-4A97-A05E-27F9C63E33B5}.Debug|Any CPU.Build.0 = Debug|Any CPU
		{F15AF49F-CC29-4A97-A05E-27F9C63E33B5}.Release|Any CPU.ActiveCfg = Release|Any CPU
		{F15AF49F-CC29-4A97-A05E-27F9C63E33B5}.Release|Any CPU.Build.0 = Release|Any CPU
		{9DEA9D4D-3742-4314-BFDC-4544BDB092E4}.Debug|Any CPU.ActiveCfg = Debug|Any CPU
		{9DEA9D4D-3742-4314-BFDC-4544BDB092E4}.Debug|Any CPU.Build.0 = Debug|Any CPU
		{9DEA9D4D-3742-4314-BFDC-4544BDB092E4}.Release|Any CPU.ActiveCfg = Release|Any CPU
		{9DEA9D4D-3742-4314-BFDC-4544BDB092E4}.Release|Any CPU.Build.0 = Release|Any CPU
		{44633F23-3478-4312-8750-E711FD54C2A8}.Debug|Any CPU.ActiveCfg = Debug|Any CPU
		{44633F23-3478-4312-8750-E711FD54C2A8}.Debug|Any CPU.Build.0 = Debug|Any CPU
		{44633F23-3478-4312-8750-E711FD54C2A8}.Release|Any CPU.ActiveCfg = Release|Any CPU
		{44633F23-3478-4312-8750-E711FD54C2A8}.Release|Any CPU.Build.0 = Release|Any CPU
		{76053B62-A665-4955-8051-4BCE962C6167}.Debug|Any CPU.ActiveCfg = Debug|Any CPU
		{76053B62-A665-4955-8051-4BCE962C6167}.Debug|Any CPU.Build.0 = Debug|Any CPU
		{76053B62-A665-4955-8051-4BCE962C6167}.Release|Any CPU.ActiveCfg = Release|Any CPU
		{76053B62-A665-4955-8051-4BCE962C6167}.Release|Any CPU.Build.0 = Release|Any CPU
		{D1047036-F48D-41E6-9233-08FB12877A70}.Debug|Any CPU.ActiveCfg = Debug|Any CPU
		{D1047036-F48D-41E6-9233-08FB12877A70}.Debug|Any CPU.Build.0 = Debug|Any CPU
		{D1047036-F48D-41E6-9233-08FB12877A70}.Release|Any CPU.ActiveCfg = Release|Any CPU
		{D1047036-F48D-41E6-9233-08FB12877A70}.Release|Any CPU.Build.0 = Release|Any CPU
		{30477EBE-BEB3-49C3-9037-83B9C5580134}.Debug|Any CPU.ActiveCfg = Debug|Any CPU
		{30477EBE-BEB3-49C3-9037-83B9C5580134}.Debug|Any CPU.Build.0 = Debug|Any CPU
		{30477EBE-BEB3-49C3-9037-83B9C5580134}.Release|Any CPU.ActiveCfg = Release|Any CPU
		{30477EBE-BEB3-49C3-9037-83B9C5580134}.Release|Any CPU.Build.0 = Release|Any CPU
		{DEFDE467-EBA6-4807-A4FC-465933EDD9C7}.Debug|Any CPU.ActiveCfg = Debug|Any CPU
		{DEFDE467-EBA6-4807-A4FC-465933EDD9C7}.Debug|Any CPU.Build.0 = Debug|Any CPU
		{DEFDE467-EBA6-4807-A4FC-465933EDD9C7}.Release|Any CPU.ActiveCfg = Release|Any CPU
		{DEFDE467-EBA6-4807-A4FC-465933EDD9C7}.Release|Any CPU.Build.0 = Release|Any CPU
	EndGlobalSection
	GlobalSection(SolutionProperties) = preSolution
		HideSolutionNode = FALSE
	EndGlobalSection
	GlobalSection(NestedProjects) = preSolution
		{1654941E-DD18-4332-8EFE-DB1E0863D5CC} = {A6278639-5C37-4953-BE0E-D59424BAEAF9}
		{F15AF49F-CC29-4A97-A05E-27F9C63E33B5} = {A6278639-5C37-4953-BE0E-D59424BAEAF9}
		{9DEA9D4D-3742-4314-BFDC-4544BDB092E4} = {A6278639-5C37-4953-BE0E-D59424BAEAF9}
		{30477EBE-BEB3-49C3-9037-83B9C5580134} = {A6278639-5C37-4953-BE0E-D59424BAEAF9}
		{DEFDE467-EBA6-4807-A4FC-465933EDD9C7} = {A6278639-5C37-4953-BE0E-D59424BAEAF9}
	EndGlobalSection
	GlobalSection(ExtensibilityGlobals) = postSolution
		VisualSVNWorkingCopyRoot = .
	EndGlobalSection
EndGlobal
